// !$*UTF8*$!
{
	archiveVersion = 1;
	classes = {
	};
	objectVersion = 50;
	objects = {

/* Begin PBXBuildFile section */
		CD7BD315238297F500A3678C /* AppDelegate.swift in Sources */ = {isa = PBXBuildFile; fileRef = CD7BD314238297F500A3678C /* AppDelegate.swift */; };
		CD7BD317238297F500A3678C /* LoadingScreenViewController.swift in Sources */ = {isa = PBXBuildFile; fileRef = CD7BD316238297F500A3678C /* LoadingScreenViewController.swift */; };
		CD7BD31A238297F500A3678C /* Main.storyboard in Resources */ = {isa = PBXBuildFile; fileRef = CD7BD318238297F500A3678C /* Main.storyboard */; };
		CD7BD31C238297F800A3678C /* Assets.xcassets in Resources */ = {isa = PBXBuildFile; fileRef = CD7BD31B238297F800A3678C /* Assets.xcassets */; };
		CD7BD31F238297F800A3678C /* LaunchScreen.storyboard in Resources */ = {isa = PBXBuildFile; fileRef = CD7BD31D238297F800A3678C /* LaunchScreen.storyboard */; };
		CD7BD32D2382A2D100A3678C /* UIViewAnimationExtension.swift in Sources */ = {isa = PBXBuildFile; fileRef = CD7BD32C2382A2D100A3678C /* UIViewAnimationExtension.swift */; };
/* End PBXBuildFile section */

/* Begin PBXFileReference section */
		CD7BD311238297F500A3678C /* DownloadAnimationsPage.app */ = {isa = PBXFileReference; explicitFileType = wrapper.application; includeInIndex = 0; path = DownloadAnimationsPage.app; sourceTree = BUILT_PRODUCTS_DIR; };
		CD7BD314238297F500A3678C /* AppDelegate.swift */ = {isa = PBXFileReference; lastKnownFileType = sourcecode.swift; path = AppDelegate.swift; sourceTree = "<group>"; };
		CD7BD316238297F500A3678C /* LoadingScreenViewController.swift */ = {isa = PBXFileReference; lastKnownFileType = sourcecode.swift; path = LoadingScreenViewController.swift; sourceTree = "<group>"; };
		CD7BD319238297F500A3678C /* Base */ = {isa = PBXFileReference; lastKnownFileType = file.storyboard; name = Base; path = Base.lproj/Main.storyboard; sourceTree = "<group>"; };
		CD7BD31B238297F800A3678C /* Assets.xcassets */ = {isa = PBXFileReference; lastKnownFileType = folder.assetcatalog; path = Assets.xcassets; sourceTree = "<group>"; };
		CD7BD31E238297F800A3678C /* Base */ = {isa = PBXFileReference; lastKnownFileType = file.storyboard; name = Base; path = Base.lproj/LaunchScreen.storyboard; sourceTree = "<group>"; };
		CD7BD320238297F800A3678C /* Info.plist */ = {isa = PBXFileReference; lastKnownFileType = text.plist.xml; path = Info.plist; sourceTree = "<group>"; };
		CD7BD32C2382A2D100A3678C /* UIViewAnimationExtension.swift */ = {isa = PBXFileReference; lastKnownFileType = sourcecode.swift; path = UIViewAnimationExtension.swift; sourceTree = "<group>"; };
/* End PBXFileReference section */

/* Begin PBXFrameworksBuildPhase section */
		CD7BD30E238297F500A3678C /* Frameworks */ = {
			isa = PBXFrameworksBuildPhase;
			buildActionMask = 2147483647;
			files = (
			);
			runOnlyForDeploymentPostprocessing = 0;
		};
/* End PBXFrameworksBuildPhase section */

/* Begin PBXGroup section */
		CD7BD308238297F500A3678C = {
			isa = PBXGroup;
			children = (
				CD7BD313238297F500A3678C /* DownloadAnimationsPage */,
				CD7BD312238297F500A3678C /* Products */,
			);
			sourceTree = "<group>";
		};
		CD7BD312238297F500A3678C /* Products */ = {
			isa = PBXGroup;
			children = (
				CD7BD311238297F500A3678C /* DownloadAnimationsPage.app */,
			);
			name = Products;
			sourceTree = "<group>";
		};
		CD7BD313238297F500A3678C /* DownloadAnimationsPage */ = {
			isa = PBXGroup;
			children = (
				CD7BD314238297F500A3678C /* AppDelegate.swift */,
				CD7BD316238297F500A3678C /* LoadingScreenViewController.swift */,
				CD7BD318238297F500A3678C /* Main.storyboard */,
				CD7BD31B238297F800A3678C /* Assets.xcassets */,
				CD7BD31D238297F800A3678C /* LaunchScreen.storyboard */,
				CD7BD320238297F800A3678C /* Info.plist */,
				CD7BD32C2382A2D100A3678C /* UIViewAnimationExtension.swift */,
			);
			path = DownloadAnimationsPage;
			sourceTree = "<group>";
		};
/* End PBXGroup section */

/* Begin PBXNativeTarget section */
		CD7BD310238297F500A3678C /* DownloadAnimationsPage */ = {
			isa = PBXNativeTarget;
			buildConfigurationList = CD7BD323238297F800A3678C /* Build configuration list for PBXNativeTarget "DownloadAnimationsPage" */;
			buildPhases = (
				CD7BD30D238297F500A3678C /* Sources */,
				CD7BD30E238297F500A3678C /* Frameworks */,
				CD7BD30F238297F500A3678C /* Resources */,
			);
			buildRules = (
			);
			dependencies = (
			);
			name = DownloadAnimationsPage;
			productName = DownloadAnimationsPage;
			productReference = CD7BD311238297F500A3678C /* DownloadAnimationsPage.app */;
			productType = "com.apple.product-type.application";
		};
/* End PBXNativeTarget section */

/* Begin PBXProject section */
		CD7BD309238297F500A3678C /* Project object */ = {
			isa = PBXProject;
			attributes = {
				LastSwiftUpdateCheck = 1030;
				LastUpgradeCheck = 1030;
				ORGANIZATIONNAME = "Antoine Proux";
				TargetAttributes = {
					CD7BD310238297F500A3678C = {
						CreatedOnToolsVersion = 10.3;
					};
				};
			};
			buildConfigurationList = CD7BD30C238297F500A3678C /* Build configuration list for PBXProject "DownloadAnimationsPage" */;
			compatibilityVersion = "Xcode 9.3";
			developmentRegion = en;
			hasScannedForEncodings = 0;
			knownRegions = (
				en,
				Base,
			);
			mainGroup = CD7BD308238297F500A3678C;
			productRefGroup = CD7BD312238297F500A3678C /* Products */;
			projectDirPath = "";
			projectRoot = "";
			targets = (
				CD7BD310238297F500A3678C /* DownloadAnimationsPage */,
			);
		};
/* End PBXProject section */

/* Begin PBXResourcesBuildPhase section */
		CD7BD30F238297F500A3678C /* Resources */ = {
			isa = PBXResourcesBuildPhase;
			buildActionMask = 2147483647;
			files = (
				CD7BD31F238297F800A3678C /* LaunchScreen.storyboard in Resources */,
				CD7BD31C238297F800A3678C /* Assets.xcassets in Resources */,
				CD7BD31A238297F500A3678C /* Main.storyboard in Resources */,
			);
			runOnlyForDeploymentPostprocessing = 0;
		};
/* End PBXResourcesBuildPhase section */

/* Begin PBXSourcesBuildPhase section */
		CD7BD30D238297F500A3678C /* Sources */ = {
			isa = PBXSourcesBuildPhase;
			buildActionMask = 2147483647;
			files = (
				CD7BD32D2382A2D100A3678C /* UIViewAnimationExtension.swift in Sources */,
				CD7BD317238297F500A3678C /* LoadingScreenViewController.swift in Sources */,
				CD7BD315238297F500A3678C /* AppDelegate.swift in Sources */,
			);
			runOnlyForDeploymentPostprocessing = 0;
		};
/* End PBXSourcesBuildPhase section */

/* Begin PBXVariantGroup section */
		CD7BD318238297F500A3678C /* Main.storyboard */ = {
			isa = PBXVariantGroup;
			children = (
				CD7BD319238297F500A3678C /* Base */,
			);
			name = Main.storyboard;
			sourceTree = "<group>";
		};
		CD7BD31D238297F800A3678C /* LaunchScreen.storyboard */ = {
			isa = PBXVariantGroup;
			children = (
				CD7BD31E238297F800A3678C /* Base */,
			);
			name = LaunchScreen.storyboard;
			sourceTree = "<group>";
		};
/* End PBXVariantGroup section */

/* Begin XCBuildConfiguration section */
		CD7BD321238297F800A3678C /* Debug */ = {
			isa = XCBuildConfiguration;
			buildSettings = {
				ALWAYS_SEARCH_USER_PATHS = NO;
				CLANG_ANALYZER_NONNULL = YES;
				CLANG_ANALYZER_NUMBER_OBJECT_CONVERSION = YES_AGGRESSIVE;
				CLANG_CXX_LANGUAGE_STANDARD = "gnu++14";
				CLANG_CXX_LIBRARY = "libc++";
				CLANG_ENABLE_MODULES = YES;
				CLANG_ENABLE_OBJC_ARC = YES;
				CLANG_ENABLE_OBJC_WEAK = YES;
				CLANG_WARN_BLOCK_CAPTURE_AUTORELEASING = YES;
				CLANG_WARN_BOOL_CONVERSION = YES;
				CLANG_WARN_COMMA = YES;
				CLANG_WARN_CONSTANT_CONVERSION = YES;
				CLANG_WARN_DEPRECATED_OBJC_IMPLEMENTATIONS = YES;
				CLANG_WARN_DIRECT_OBJC_ISA_USAGE = YES_ERROR;
				CLANG_WARN_DOCUMENTATION_COMMENTS = YES;
				CLANG_WARN_EMPTY_BODY = YES;
				CLANG_WARN_ENUM_CONVERSION = YES;
				CLANG_WARN_INFINITE_RECURSION = YES;
				CLANG_WARN_INT_CONVERSION = YES;
				CLANG_WARN_NON_LITERAL_NULL_CONVERSION = YES;
				CLANG_WARN_OBJC_IMPLICIT_RETAIN_SELF = YES;
				CLANG_WARN_OBJC_LITERAL_CONVERSION = YES;
				CLANG_WARN_OBJC_ROOT_CLASS = YES_ERROR;
				CLANG_WARN_RANGE_LOOP_ANALYSIS = YES;
				CLANG_WARN_STRICT_PROTOTYPES = YES;
				CLANG_WARN_SUSPICIOUS_MOVE = YES;
				CLANG_WARN_UNGUARDED_AVAILABILITY = YES_AGGRESSIVE;
				CLANG_WARN_UNREACHABLE_CODE = YES;
				CLANG_WARN__DUPLICATE_METHOD_MATCH = YES;
				CODE_SIGN_IDENTITY = "iPhone Developer";
				COPY_PHASE_STRIP = NO;
				DEBUG_INFORMATION_FORMAT = dwarf;
				ENABLE_STRICT_OBJC_MSGSEND = YES;
				ENABLE_TESTABILITY = YES;
				GCC_C_LANGUAGE_STANDARD = gnu11;
				GCC_DYNAMIC_NO_PIC = NO;
				GCC_NO_COMMON_BLOCKS = YES;
				GCC_OPTIMIZATION_LEVEL = 0;
				GCC_PREPROCESSOR_DEFINITIONS = (
					"DEBUG=1",
					"$(inherited)",
				);
				GCC_WARN_64_TO_32_BIT_CONVERSION = YES;
				GCC_WARN_ABOUT_RETURN_TYPE = YES_ERROR;
				GCC_WARN_UNDECLARED_SELECTOR = YES;
				GCC_WARN_UNINITIALIZED_AUTOS = YES_AGGRESSIVE;
				GCC_WARN_UNUSED_FUNCTION = YES;
				GCC_WARN_UNUSED_VARIABLE = YES;
				IPHONEOS_DEPLOYMENT_TARGET = 12.4;
				MTL_ENABLE_DEBUG_INFO = INCLUDE_SOURCE;
				MTL_FAST_MATH = YES;
				ONLY_ACTIVE_ARCH = YES;
				SDKROOT = iphoneos;
				SWIFT_ACTIVE_COMPILATION_CONDITIONS = DEBUG;
				SWIFT_OPTIMIZATION_LEVEL = "-Onone";
			};
			name = Debug;
		};
		CD7BD322238297F800A3678C /* Release */ = {
			isa = XCBuildConfiguration;
			buildSettings = {
				ALWAYS_SEARCH_USER_PATHS = NO;
				CLANG_ANALYZER_NONNULL = YES;
				CLANG_ANALYZER_NUMBER_OBJECT_CONVERSION = YES_AGGRESSIVE;
				CLANG_CXX_LANGUAGE_STANDARD = "gnu++14";
				CLANG_CXX_LIBRARY = "libc++";
				CLANG_ENABLE_MODULES = YES;
				CLANG_ENABLE_OBJC_ARC = YES;
				CLANG_ENABLE_OBJC_WEAK = YES;
				CLANG_WARN_BLOCK_CAPTURE_AUTORELEASING = YES;
				CLANG_WARN_BOOL_CONVERSION = YES;
				CLANG_WARN_COMMA = YES;
				CLANG_WARN_CONSTANT_CONVERSION = YES;
				CLANG_WARN_DEPRECATED_OBJC_IMPLEMENTATIONS = YES;
				CLANG_WARN_DIRECT_OBJC_ISA_USAGE = YES_ERROR;
				CLANG_WARN_DOCUMENTATION_COMMENTS = YES;
				CLANG_WARN_EMPTY_BODY = YES;
				CLANG_WARN_ENUM_CONVERSION = YES;
				CLANG_WARN_INFINITE_RECURSION = YES;
				CLANG_WARN_INT_CONVERSION = YES;
				CLANG_WARN_NON_LITERAL_NULL_CONVERSION = YES;
				CLANG_WARN_OBJC_IMPLICIT_RETAIN_SELF = YES;
				CLANG_WARN_OBJC_LITERAL_CONVERSION = YES;
				CLANG_WARN_OBJC_ROOT_CLASS = YES_ERROR;
				CLANG_WARN_RANGE_LOOP_ANALYSIS = YES;
				CLANG_WARN_STRICT_PROTOTYPES = YES;
				CLANG_WARN_SUSPICIOUS_MOVE = YES;
				CLANG_WARN_UNGUARDED_AVAILABILITY = YES_AGGRESSIVE;
				CLANG_WARN_UNREACHABLE_CODE = YES;
				CLANG_WARN__DUPLICATE_METHOD_MATCH = YES;
				CODE_SIGN_IDENTITY = "iPhone Developer";
				COPY_PHASE_STRIP = NO;
				DEBUG_INFORMATION_FORMAT = "dwarf-with-dsym";
				ENABLE_NS_ASSERTIONS = NO;
				ENABLE_STRICT_OBJC_MSGSEND = YES;
				GCC_C_LANGUAGE_STANDARD = gnu11;
				GCC_NO_COMMON_BLOCKS = YES;
				GCC_WARN_64_TO_32_BIT_CONVERSION = YES;
				GCC_WARN_ABOUT_RETURN_TYPE = YES_ERROR;
				GCC_WARN_UNDECLARED_SELECTOR = YES;
				GCC_WARN_UNINITIALIZED_AUTOS = YES_AGGRESSIVE;
				GCC_WARN_UNUSED_FUNCTION = YES;
				GCC_WARN_UNUSED_VARIABLE = YES;
				IPHONEOS_DEPLOYMENT_TARGET = 12.4;
				MTL_ENABLE_DEBUG_INFO = NO;
				MTL_FAST_MATH = YES;
				SDKROOT = iphoneos;
				SWIFT_COMPILATION_MODE = wholemodule;
				SWIFT_OPTIMIZATION_LEVEL = "-O";
				VALIDATE_PRODUCT = YES;
			};
			name = Release;
		};
		CD7BD324238297F800A3678C /* Debug */ = {
			isa = XCBuildConfiguration;
			buildSettings = {
				ASSETCATALOG_COMPILER_APPICON_NAME = AppIcon;
				CODE_SIGN_STYLE = Automatic;
				DEVELOPMENT_TEAM = 96DZ48A3NY;
				INFOPLIST_FILE = DownloadAnimationsPage/Info.plist;
				LD_RUNPATH_SEARCH_PATHS = (
					"$(inherited)",
					"@executable_path/Frameworks",
				);
				PRODUCT_BUNDLE_IDENTIFIER = com.aprouxdev.DownloadAnimationsPage;
				PRODUCT_NAME = "$(TARGET_NAME)";
				SWIFT_VERSION = 5.0;
				TARGETED_DEVICE_FAMILY = "1,2";
			};
			name = Debug;
		};
		CD7BD325238297F800A3678C /* Release */ = {
			isa = XCBuildConfiguration;
			buildSettings = {
				ASSETCATALOG_COMPILER_APPICON_NAME = AppIcon;
				CODE_SIGN_STYLE = Automatic;
				DEVELOPMENT_TEAM = 96DZ48A3NY;
				INFOPLIST_FILE = DownloadAnimationsPage/Info.plist;
				LD_RUNPATH_SEARCH_PATHS = (
					"$(inherited)",
					"@executable_path/Frameworks",
				);
				PRODUCT_BUNDLE_IDENTIFIER = com.aprouxdev.DownloadAnimationsPage;
				PRODUCT_NAME = "$(TARGET_NAME)";
				SWIFT_VERSION = 5.0;
				TARGETED_DEVICE_FAMILY = "1,2";
			};
			name = Release;
		};
/* End XCBuildConfiguration section */

/* Begin XCConfigurationList section */
		CD7BD30C238297F500A3678C /* Build configuration list for PBXProject "DownloadAnimationsPage" */ = {
			isa = XCConfigurationList;
			buildConfigurations = (
				CD7BD321238297F800A3678C /* Debug */,
				CD7BD322238297F800A3678C /* Release */,
			);
			defaultConfigurationIsVisible = 0;
			defaultConfigurationName = Release;
		};
		CD7BD323238297F800A3678C /* Build configuration list for PBXNativeTarget "DownloadAnimationsPage" */ = {
			isa = XCConfigurationList;
			buildConfigurations = (
				CD7BD324238297F800A3678C /* Debug */,
				CD7BD325238297F800A3678C /* Release */,
			);
			defaultConfigurationIsVisible = 0;
			defaultConfigurationName = Release;
		};
/* End XCConfigurationList section */
	};
	rootObject = CD7BD309238297F500A3678C /* Project object */;
}
